Microsoft Visual Studio Solution File, Format Version 12.00
# Visual Studio Version 17
VisualStudioVersion = 17.5.2.0
MinimumVisualStudioVersion = 10.0.40219.1
Project("{FAE04EC0-301F-11D3-BF4B-00C04F79EFBC}") = "Cube Run C#", "Cube Run C#.csproj", "{5EBFE112-D62F-5C0C-FD56-607A01C600F2}"
EndProject
Global
	GlobalSection(SolutionConfigurationPlatforms) = preSolution
		Debug|Any CPU = Debug|Any CPU
		Release|Any CPU = Release|Any CPU
	EndGlobalSection
	GlobalSection(ProjectConfigurationPlatforms) = postSolution
		{5EBFE112-D62F-5C0C-FD56-607A01C600F2}.Debug|Any CPU.ActiveCfg = Debug|Any CPU
		{5EBFE112-D62F-5C0C-FD56-607A01C600F2}.Debug|Any CPU.Build.0 = Debug|Any CPU
		{5EBFE112-D62F-5C0C-FD56-607A01C600F2}.Release|Any CPU.ActiveCfg = Release|Any CPU
		{5EBFE112-D62F-5C0C-FD56-607A01C600F2}.Release|Any CPU.Build.0 = Release|Any CPU
	EndGlobalSection
	GlobalSection(SolutionProperties) = preSolution
		HideSolutionNode = FALSE
	EndGlobalSection
	GlobalSection(ExtensibilityGlobals) = postSolution
		SolutionGuid = {EDB089C4-4C7E-4F8D-8144-3FD3FFCA8D25}
	EndGlobalSection
EndGlobal
